
Microsoft Visual Studio Solution File, Format Version 12.00
# Visual Studio 15
VisualStudioVersion = 15.0.28010.2048
MinimumVisualStudioVersion = 10.0.40219.1
Project("{FAE04EC0-301F-11D3-BF4B-00C04F79EFBC}") = "ConsoleApp1", "ConsoleApp1\ConsoleApp1.csproj", "{C82453B7-E4D8-41A1-9165-6AD185429FD2}"
EndProject
Global
	GlobalSection(SolutionConfigurationPlatforms) = preSolution
		Debug|Any CPU = Debug|Any CPU
		Release|Any CPU = Release|Any CPU
	EndGlobalSection
	GlobalSection(ProjectConfigurationPlatforms) = postSolution
		{C82453B7-E4D8-41A1-9165-6AD185429FD2}.Debug|Any CPU.ActiveCfg = Debug|Any CPU
		{C82453B7-E4D8-41A1-9165-6AD185429FD2}.Debug|Any CPU.Build.0 = Debug|Any CPU
		{C82453B7-E4D8-41A1-9165-6AD185429FD2}.Release|Any CPU.ActiveCfg = Release|Any CPU
		{C82453B7-E4D8-41A1-9165-6AD185429FD2}.Release|Any CPU.Build.0 = Release|Any CPU
	EndGlobalSection
	GlobalSection(SolutionProperties) = preSolution
		HideSolutionNode = FALSE
	EndGlobalSection
	GlobalSection(ExtensibilityGlobals) = postSolution
		SolutionGuid = {169A9CE8-E291-4533-8100-D9FC8284BD15}
	EndGlobalSection
EndGlobal
